
Microsoft Visual Studio Solution File, Format Version 12.00
# Visual Studio Version 17
VisualStudioVersion = 17.14.36127.28 d17.14
MinimumVisualStudioVersion = 10.0.40219.1
Project("{8BC9CEB8-8B4A-11D0-8D11-00A0C91BC942}") = "bypassAV", "bypassAV.vcxproj", "{CF011498-D444-410E-9FEA-43184628279C}"
EndProject
Global
	GlobalSection(SolutionConfigurationPlatforms) = preSolution
		Debug|x64 = Debug|x64
		Debug|x86 = Debug|x86
		Release|x64 = Release|x64
		Release|x86 = Release|x86
	EndGlobalSection
	GlobalSection(ProjectConfigurationPlatforms) = postSolution
		{CF011498-D444-410E-9FEA-43184628279C}.Debug|x64.ActiveCfg = Debug|x64
		{CF011498-D444-410E-9FEA-43184628279C}.Debug|x64.Build.0 = Debug|x64
		{CF011498-D444-410E-9FEA-43184628279C}.Debug|x86.ActiveCfg = Debug|Win32
		{CF011498-D444-410E-9FEA-43184628279C}.Debug|x86.Build.0 = Debug|Win32
		{CF011498-D444-410E-9FEA-43184628279C}.Release|x64.ActiveCfg = Release|x64
		{CF011498-D444-410E-9FEA-43184628279C}.Release|x64.Build.0 = Release|x64
		{CF011498-D444-410E-9FEA-43184628279C}.Release|x86.ActiveCfg = Release|Win32
		{CF011498-D444-410E-9FEA-43184628279C}.Release|x86.Build.0 = Release|Win32
	EndGlobalSection
	GlobalSection(SolutionProperties) = preSolution
		HideSolutionNode = FALSE
	EndGlobalSection
	GlobalSection(ExtensibilityGlobals) = postSolution
		SolutionGuid = {D9E47D0F-5759-4243-B129-C03CB87E1114}
	EndGlobalSection
EndGlobal
